
Microsoft Visual Studio Solution File, Format Version 12.00
# Visual Studio Version 17
VisualStudioVersion = 17.4.33403.182
MinimumVisualStudioVersion = 10.0.40219.1
Project("{FAE04EC0-301F-11D3-BF4B-00C04F79EFBC}") = "ImportCSVfile", "ImportCSVfile\ImportCSVfile.csproj", "{7C6911EC-E1E6-472B-B5E8-9B4D67F86638}"
EndProject
Global
	GlobalSection(SolutionConfigurationPlatforms) = preSolution
		Debug|Any CPU = Debug|Any CPU
		Release|Any CPU = Release|Any CPU
	EndGlobalSection
	GlobalSection(ProjectConfigurationPlatforms) = postSolution
		{7C6911EC-E1E6-472B-B5E8-9B4D67F86638}.Debug|Any CPU.ActiveCfg = Debug|Any CPU
		{7C6911EC-E1E6-472B-B5E8-9B4D67F86638}.Debug|Any CPU.Build.0 = Debug|Any CPU
		{7C6911EC-E1E6-472B-B5E8-9B4D67F86638}.Release|Any CPU.ActiveCfg = Release|Any CPU
		{7C6911EC-E1E6-472B-B5E8-9B4D67F86638}.Release|Any CPU.Build.0 = Release|Any CPU
	EndGlobalSection
	GlobalSection(SolutionProperties) = preSolution
		HideSolutionNode = FALSE
	EndGlobalSection
	GlobalSection(ExtensibilityGlobals) = postSolution
		SolutionGuid = {2A44452F-5409-4A01-A4C1-12BB6615383B}
	EndGlobalSection
EndGlobal
